// !$*UTF8*$!
{
	archiveVersion = 1;
	classes = {
	};
	objectVersion = 55;
	objects = {

/* Begin PBXBuildFile section */
		BB2F965327FB81B500EBFC99 /* CategoryModel.swift in Sources */ = {isa = PBXBuildFile; fileRef = BB2F965227FB81B500EBFC99 /* CategoryModel.swift */; };
		BB2F965527FB82C600EBFC99 /* CategoryItemView.swift in Sources */ = {isa = PBXBuildFile; fileRef = BB2F965427FB82C600EBFC99 /* CategoryItemView.swift */; };
		BB2F965727FB847700EBFC99 /* CategoryGridView.swift in Sources */ = {isa = PBXBuildFile; fileRef = BB2F965627FB847700EBFC99 /* CategoryGridView.swift */; };
		BB2F965927FB972B00EBFC99 /* SectionView.swift in Sources */ = {isa = PBXBuildFile; fileRef = BB2F965827FB972B00EBFC99 /* SectionView.swift */; };
		BB2F965B27FC0AAF00EBFC99 /* TitleView.swift in Sources */ = {isa = PBXBuildFile; fileRef = BB2F965A27FC0AAF00EBFC99 /* TitleView.swift */; };
		BB2F965D27FC0C1800EBFC99 /* ProductModel.swift in Sources */ = {isa = PBXBuildFile; fileRef = BB2F965C27FC0C1800EBFC99 /* ProductModel.swift */; };
		BB2F965F27FC0CF400EBFC99 /* ProductItemView.swift in Sources */ = {isa = PBXBuildFile; fileRef = BB2F965E27FC0CF400EBFC99 /* ProductItemView.swift */; };
		BB2F966127FC10D300EBFC99 /* BrandModel.swift in Sources */ = {isa = PBXBuildFile; fileRef = BB2F966027FC10D300EBFC99 /* BrandModel.swift */; };
		BB2F966327FC112700EBFC99 /* BrandItemView.swift in Sources */ = {isa = PBXBuildFile; fileRef = BB2F966227FC112700EBFC99 /* BrandItemView.swift */; };
		BB2F966527FC124500EBFC99 /* BrandGridView.swift in Sources */ = {isa = PBXBuildFile; fileRef = BB2F966427FC124500EBFC99 /* BrandGridView.swift */; };
		BB2F966727FC143A00EBFC99 /* ProductDetailView.swift in Sources */ = {isa = PBXBuildFile; fileRef = BB2F966627FC143A00EBFC99 /* ProductDetailView.swift */; };
		BB2F966927FC159F00EBFC99 /* NavigationBarDetailView.swift in Sources */ = {isa = PBXBuildFile; fileRef = BB2F966827FC159F00EBFC99 /* NavigationBarDetailView.swift */; };
		BB2F966B27FC167E00EBFC99 /* CartButtonView.swift in Sources */ = {isa = PBXBuildFile; fileRef = BB2F966A27FC167E00EBFC99 /* CartButtonView.swift */; };
		BB2F966D27FC18CF00EBFC99 /* HeaderDetailView.swift in Sources */ = {isa = PBXBuildFile; fileRef = BB2F966C27FC18CF00EBFC99 /* HeaderDetailView.swift */; };
		BB2F966F27FC19F100EBFC99 /* TopPartDetailView.swift in Sources */ = {isa = PBXBuildFile; fileRef = BB2F966E27FC19F100EBFC99 /* TopPartDetailView.swift */; };
		BB2F967227FC1ECF00EBFC99 /* TopCornersRoundedShape.swift in Sources */ = {isa = PBXBuildFile; fileRef = BB2F967127FC1ECF00EBFC99 /* TopCornersRoundedShape.swift */; };
		BB2F967427FC202000EBFC99 /* RatingSizesDetailView.swift in Sources */ = {isa = PBXBuildFile; fileRef = BB2F967327FC202000EBFC99 /* RatingSizesDetailView.swift */; };
		BB2F967627FC237400EBFC99 /* QuantityFavouriteDetailView.swift in Sources */ = {isa = PBXBuildFile; fileRef = BB2F967527FC237400EBFC99 /* QuantityFavouriteDetailView.swift */; };
		BB2F967827FC256600EBFC99 /* AddToCartDetailView.swift in Sources */ = {isa = PBXBuildFile; fileRef = BB2F967727FC256600EBFC99 /* AddToCartDetailView.swift */; };
		BB2F967A27FC322A00EBFC99 /* Shop.swift in Sources */ = {isa = PBXBuildFile; fileRef = BB2F967927FC322A00EBFC99 /* Shop.swift */; };
		BBB301CD27FB6F190024747A /* RugbystaApp.swift in Sources */ = {isa = PBXBuildFile; fileRef = BBB301CC27FB6F190024747A /* RugbystaApp.swift */; };
		BBB301CF27FB6F190024747A /* ContentView.swift in Sources */ = {isa = PBXBuildFile; fileRef = BBB301CE27FB6F190024747A /* ContentView.swift */; };
		BBB301D127FB6F1E0024747A /* Assets.xcassets in Resources */ = {isa = PBXBuildFile; fileRef = BBB301D027FB6F1E0024747A /* Assets.xcassets */; };
		BBB301D427FB6F1E0024747A /* Preview Assets.xcassets in Resources */ = {isa = PBXBuildFile; fileRef = BBB301D327FB6F1E0024747A /* Preview Assets.xcassets */; };
		BBB301DE27FB701B0024747A /* player.json in Resources */ = {isa = PBXBuildFile; fileRef = BBB301DA27FB701B0024747A /* player.json */; };
		BBB301DF27FB701B0024747A /* category.json in Resources */ = {isa = PBXBuildFile; fileRef = BBB301DB27FB701B0024747A /* category.json */; };
		BBB301E027FB701B0024747A /* brand.json in Resources */ = {isa = PBXBuildFile; fileRef = BBB301DC27FB701B0024747A /* brand.json */; };
		BBB301E127FB701B0024747A /* product.json in Resources */ = {isa = PBXBuildFile; fileRef = BBB301DD27FB701B0024747A /* product.json */; };
		BBB301ED27FB71A90024747A /* Constant.swift in Sources */ = {isa = PBXBuildFile; fileRef = BBB301EC27FB71A90024747A /* Constant.swift */; };
		BBB301EF27FB72980024747A /* FooterView.swift in Sources */ = {isa = PBXBuildFile; fileRef = BBB301EE27FB72980024747A /* FooterView.swift */; };
		BBB301F127FB75F80024747A /* NavigationBarView.swift in Sources */ = {isa = PBXBuildFile; fileRef = BBB301F027FB75F80024747A /* NavigationBarView.swift */; };
		BBB301F327FB77790024747A /* LogoView.swift in Sources */ = {isa = PBXBuildFile; fileRef = BBB301F227FB77790024747A /* LogoView.swift */; };
		BBB301F527FB7C570024747A /* PlayerModel.swift in Sources */ = {isa = PBXBuildFile; fileRef = BBB301F427FB7C570024747A /* PlayerModel.swift */; };
		BBB301F727FB7CC60024747A /* CodableBundleExtension.swift in Sources */ = {isa = PBXBuildFile; fileRef = BBB301F627FB7CC60024747A /* CodableBundleExtension.swift */; };
		BBB301F927FB7E560024747A /* FeaturedItemView.swift in Sources */ = {isa = PBXBuildFile; fileRef = BBB301F827FB7E560024747A /* FeaturedItemView.swift */; };
		BBB301FB27FB7ECD0024747A /* FeaturedTabView.swift in Sources */ = {isa = PBXBuildFile; fileRef = BBB301FA27FB7ECD0024747A /* FeaturedTabView.swift */; };
/* End PBXBuildFile section */

/* Begin PBXFileReference section */
		BB2F965227FB81B500EBFC99 /* CategoryModel.swift */ = {isa = PBXFileReference; lastKnownFileType = sourcecode.swift; path = CategoryModel.swift; sourceTree = "<group>"; };
		BB2F965427FB82C600EBFC99 /* CategoryItemView.swift */ = {isa = PBXFileReference; lastKnownFileType = sourcecode.swift; path = CategoryItemView.swift; sourceTree = "<group>"; };
		BB2F965627FB847700EBFC99 /* CategoryGridView.swift */ = {isa = PBXFileReference; lastKnownFileType = sourcecode.swift; path = CategoryGridView.swift; sourceTree = "<group>"; };
		BB2F965827FB972B00EBFC99 /* SectionView.swift */ = {isa = PBXFileReference; lastKnownFileType = sourcecode.swift; path = SectionView.swift; sourceTree = "<group>"; };
		BB2F965A27FC0AAF00EBFC99 /* TitleView.swift */ = {isa = PBXFileReference; lastKnownFileType = sourcecode.swift; path = TitleView.swift; sourceTree = "<group>"; };
		BB2F965C27FC0C1800EBFC99 /* ProductModel.swift */ = {isa = PBXFileReference; lastKnownFileType = sourcecode.swift; path = ProductModel.swift; sourceTree = "<group>"; };
		BB2F965E27FC0CF400EBFC99 /* ProductItemView.swift */ = {isa = PBXFileReference; lastKnownFileType = sourcecode.swift; path = ProductItemView.swift; sourceTree = "<group>"; };
		BB2F966027FC10D300EBFC99 /* BrandModel.swift */ = {isa = PBXFileReference; lastKnownFileType = sourcecode.swift; path = BrandModel.swift; sourceTree = "<group>"; };
		BB2F966227FC112700EBFC99 /* BrandItemView.swift */ = {isa = PBXFileReference; lastKnownFileType = sourcecode.swift; path = BrandItemView.swift; sourceTree = "<group>"; };
		BB2F966427FC124500EBFC99 /* BrandGridView.swift */ = {isa = PBXFileReference; lastKnownFileType = sourcecode.swift; path = BrandGridView.swift; sourceTree = "<group>"; };
		BB2F966627FC143A00EBFC99 /* ProductDetailView.swift */ = {isa = PBXFileReference; lastKnownFileType = sourcecode.swift; path = ProductDetailView.swift; sourceTree = "<group>"; };
		BB2F966827FC159F00EBFC99 /* NavigationBarDetailView.swift */ = {isa = PBXFileReference; lastKnownFileType = sourcecode.swift; path = NavigationBarDetailView.swift; sourceTree = "<group>"; };
		BB2F966A27FC167E00EBFC99 /* CartButtonView.swift */ = {isa = PBXFileReference; lastKnownFileType = sourcecode.swift; path = CartButtonView.swift; sourceTree = "<group>"; };
		BB2F966C27FC18CF00EBFC99 /* HeaderDetailView.swift */ = {isa = PBXFileReference; lastKnownFileType = sourcecode.swift; path = HeaderDetailView.swift; sourceTree = "<group>"; };
		BB2F966E27FC19F100EBFC99 /* TopPartDetailView.swift */ = {isa = PBXFileReference; lastKnownFileType = sourcecode.swift; path = TopPartDetailView.swift; sourceTree = "<group>"; };
		BB2F967127FC1ECF00EBFC99 /* TopCornersRoundedShape.swift */ = {isa = PBXFileReference; lastKnownFileType = sourcecode.swift; path = TopCornersRoundedShape.swift; sourceTree = "<group>"; };
		BB2F967327FC202000EBFC99 /* RatingSizesDetailView.swift */ = {isa = PBXFileReference; lastKnownFileType = sourcecode.swift; path = RatingSizesDetailView.swift; sourceTree = "<group>"; };
		BB2F967527FC237400EBFC99 /* QuantityFavouriteDetailView.swift */ = {isa = PBXFileReference; lastKnownFileType = sourcecode.swift; path = QuantityFavouriteDetailView.swift; sourceTree = "<group>"; };
		BB2F967727FC256600EBFC99 /* AddToCartDetailView.swift */ = {isa = PBXFileReference; lastKnownFileType = sourcecode.swift; path = AddToCartDetailView.swift; sourceTree = "<group>"; };
		BB2F967927FC322A00EBFC99 /* Shop.swift */ = {isa = PBXFileReference; lastKnownFileType = sourcecode.swift; path = Shop.swift; sourceTree = "<group>"; };
		BBB301C927FB6F190024747A /* Rugbysta.app */ = {isa = PBXFileReference; explicitFileType = wrapper.application; includeInIndex = 0; path = Rugbysta.app; sourceTree = BUILT_PRODUCTS_DIR; };
		BBB301CC27FB6F190024747A /* RugbystaApp.swift */ = {isa = PBXFileReference; lastKnownFileType = sourcecode.swift; path = RugbystaApp.swift; sourceTree = "<group>"; };
		BBB301CE27FB6F190024747A /* ContentView.swift */ = {isa = PBXFileReference; lastKnownFileType = sourcecode.swift; path = ContentView.swift; sourceTree = "<group>"; };
		BBB301D027FB6F1E0024747A /* Assets.xcassets */ = {isa = PBXFileReference; lastKnownFileType = folder.assetcatalog; path = Assets.xcassets; sourceTree = "<group>"; };
		BBB301D327FB6F1E0024747A /* Preview Assets.xcassets */ = {isa = PBXFileReference; lastKnownFileType = folder.assetcatalog; path = "Preview Assets.xcassets"; sourceTree = "<group>"; };
		BBB301DA27FB701B0024747A /* player.json */ = {isa = PBXFileReference; fileEncoding = 4; lastKnownFileType = text.json; path = player.json; sourceTree = "<group>"; };
		BBB301DB27FB701B0024747A /* category.json */ = {isa = PBXFileReference; fileEncoding = 4; lastKnownFileType = text.json; path = category.json; sourceTree = "<group>"; };
		BBB301DC27FB701B0024747A /* brand.json */ = {isa = PBXFileReference; fileEncoding = 4; lastKnownFileType = text.json; path = brand.json; sourceTree = "<group>"; };
		BBB301DD27FB701B0024747A /* product.json */ = {isa = PBXFileReference; fileEncoding = 4; lastKnownFileType = text.json; path = product.json; sourceTree = "<group>"; };
		BBB301E427FB70940024747A /* Info.plist */ = {isa = PBXFileReference; lastKnownFileType = text.plist; path = Info.plist; sourceTree = "<group>"; };
		BBB301EC27FB71A90024747A /* Constant.swift */ = {isa = PBXFileReference; lastKnownFileType = sourcecode.swift; path = Constant.swift; sourceTree = "<group>"; };
		BBB301EE27FB72980024747A /* FooterView.swift */ = {isa = PBXFileReference; lastKnownFileType = sourcecode.swift; path = FooterView.swift; sourceTree = "<group>"; };
		BBB301F027FB75F80024747A /* NavigationBarView.swift */ = {isa = PBXFileReference; lastKnownFileType = sourcecode.swift; path = NavigationBarView.swift; sourceTree = "<group>"; };
		BBB301F227FB77790024747A /* LogoView.swift */ = {isa = PBXFileReference; lastKnownFileType = sourcecode.swift; path = LogoView.swift; sourceTree = "<group>"; };
		BBB301F427FB7C570024747A /* PlayerModel.swift */ = {isa = PBXFileReference; lastKnownFileType = sourcecode.swift; path = PlayerModel.swift; sourceTree = "<group>"; };
		BBB301F627FB7CC60024747A /* CodableBundleExtension.swift */ = {isa = PBXFileReference; lastKnownFileType = sourcecode.swift; path = CodableBundleExtension.swift; sourceTree = "<group>"; };
		BBB301F827FB7E560024747A /* FeaturedItemView.swift */ = {isa = PBXFileReference; lastKnownFileType = sourcecode.swift; path = FeaturedItemView.swift; sourceTree = "<group>"; };
		BBB301FA27FB7ECD0024747A /* FeaturedTabView.swift */ = {isa = PBXFileReference; lastKnownFileType = sourcecode.swift; path = FeaturedTabView.swift; sourceTree = "<group>"; };
/* End PBXFileReference section */

/* Begin PBXFrameworksBuildPhase section */
		BBB301C627FB6F190024747A /* Frameworks */ = {
			isa = PBXFrameworksBuildPhase;
			buildActionMask = 2147483647;
			files = (
			);
			runOnlyForDeploymentPostprocessing = 0;
		};
/* End PBXFrameworksBuildPhase section */

/* Begin PBXGroup section */
		BB2F967027FC1EB600EBFC99 /* CustomShapes */ = {
			isa = PBXGroup;
			children = (
				BB2F967127FC1ECF00EBFC99 /* TopCornersRoundedShape.swift */,
			);
			path = CustomShapes;
			sourceTree = "<group>";
		};
		BBB301C027FB6F190024747A = {
			isa = PBXGroup;
			children = (
				BBB301CB27FB6F190024747A /* Rugbysta */,
				BBB301CA27FB6F190024747A /* Products */,
			);
			sourceTree = "<group>";
		};
		BBB301CA27FB6F190024747A /* Products */ = {
			isa = PBXGroup;
			children = (
				BBB301C927FB6F190024747A /* Rugbysta.app */,
			);
			name = Products;
			sourceTree = "<group>";
		};
		BBB301CB27FB6F190024747A /* Rugbysta */ = {
			isa = PBXGroup;
			children = (
				BBB301E627FB71230024747A /* View */,
				BBB301E927FB71450024747A /* Model */,
				BBB301E427FB70940024747A /* Info.plist */,
				BBB301E327FB703F0024747A /* Data */,
				BBB301EA27FB714B0024747A /* Extension */,
				BBB301EB27FB718F0024747A /* Utility */,
				BBB301E527FB71100024747A /* App */,
				BBB301D027FB6F1E0024747A /* Assets.xcassets */,
				BBB301D227FB6F1E0024747A /* Preview Content */,
			);
			path = Rugbysta;
			sourceTree = "<group>";
		};
		BBB301D227FB6F1E0024747A /* Preview Content */ = {
			isa = PBXGroup;
			children = (
				BBB301D327FB6F1E0024747A /* Preview Assets.xcassets */,
			);
			path = "Preview Content";
			sourceTree = "<group>";
		};
		BBB301E327FB703F0024747A /* Data */ = {
			isa = PBXGroup;
			children = (
				BBB301DC27FB701B0024747A /* brand.json */,
				BBB301DB27FB701B0024747A /* category.json */,
				BBB301DA27FB701B0024747A /* player.json */,
				BBB301DD27FB701B0024747A /* product.json */,
			);
			path = Data;
			sourceTree = "<group>";
		};
		BBB301E527FB71100024747A /* App */ = {
			isa = PBXGroup;
			children = (
				BBB301CC27FB6F190024747A /* RugbystaApp.swift */,
				BBB301CE27FB6F190024747A /* ContentView.swift */,
				BB2F966627FC143A00EBFC99 /* ProductDetailView.swift */,
			);
			path = App;
			sourceTree = "<group>";
		};
		BBB301E627FB71230024747A /* View */ = {
			isa = PBXGroup;
			children = (
				BBB301E727FB712C0024747A /* Home */,
				BBB301E827FB71360024747A /* Detail */,
				BB2F966A27FC167E00EBFC99 /* CartButtonView.swift */,
			);
			path = View;
			sourceTree = "<group>";
		};
		BBB301E727FB712C0024747A /* Home */ = {
			isa = PBXGroup;
			children = (
				BBB301EE27FB72980024747A /* FooterView.swift */,
				BBB301F027FB75F80024747A /* NavigationBarView.swift */,
				BBB301F227FB77790024747A /* LogoView.swift */,
				BBB301F827FB7E560024747A /* FeaturedItemView.swift */,
				BBB301FA27FB7ECD0024747A /* FeaturedTabView.swift */,
				BB2F965427FB82C600EBFC99 /* CategoryItemView.swift */,
				BB2F965627FB847700EBFC99 /* CategoryGridView.swift */,
				BB2F965827FB972B00EBFC99 /* SectionView.swift */,
				BB2F965A27FC0AAF00EBFC99 /* TitleView.swift */,
				BB2F965E27FC0CF400EBFC99 /* ProductItemView.swift */,
				BB2F966227FC112700EBFC99 /* BrandItemView.swift */,
				BB2F966427FC124500EBFC99 /* BrandGridView.swift */,
			);
			path = Home;
			sourceTree = "<group>";
		};
		BBB301E827FB71360024747A /* Detail */ = {
			isa = PBXGroup;
			children = (
				BB2F966827FC159F00EBFC99 /* NavigationBarDetailView.swift */,
				BB2F966C27FC18CF00EBFC99 /* HeaderDetailView.swift */,
				BB2F966E27FC19F100EBFC99 /* TopPartDetailView.swift */,
				BB2F967327FC202000EBFC99 /* RatingSizesDetailView.swift */,
				BB2F967527FC237400EBFC99 /* QuantityFavouriteDetailView.swift */,
				BB2F967727FC256600EBFC99 /* AddToCartDetailView.swift */,
			);
			path = Detail;
			sourceTree = "<group>";
		};
		BBB301E927FB71450024747A /* Model */ = {
			isa = PBXGroup;
			children = (
				BBB301F427FB7C570024747A /* PlayerModel.swift */,
				BB2F965227FB81B500EBFC99 /* CategoryModel.swift */,
				BB2F965C27FC0C1800EBFC99 /* ProductModel.swift */,
				BB2F966027FC10D300EBFC99 /* BrandModel.swift */,
			);
			path = Model;
			sourceTree = "<group>";
		};
		BBB301EA27FB714B0024747A /* Extension */ = {
			isa = PBXGroup;
			children = (
				BBB301F627FB7CC60024747A /* CodableBundleExtension.swift */,
			);
			path = Extension;
			sourceTree = "<group>";
		};
		BBB301EB27FB718F0024747A /* Utility */ = {
			isa = PBXGroup;
			children = (
				BB2F967027FC1EB600EBFC99 /* CustomShapes */,
				BBB301EC27FB71A90024747A /* Constant.swift */,
				BB2F967927FC322A00EBFC99 /* Shop.swift */,
			);
			path = Utility;
			sourceTree = "<group>";
		};
/* End PBXGroup section */

/* Begin PBXNativeTarget section */
		BBB301C827FB6F190024747A /* Rugbysta */ = {
			isa = PBXNativeTarget;
			buildConfigurationList = BBB301D727FB6F1E0024747A /* Build configuration list for PBXNativeTarget "Rugbysta" */;
			buildPhases = (
				BBB301C527FB6F190024747A /* Sources */,
				BBB301C627FB6F190024747A /* Frameworks */,
				BBB301C727FB6F190024747A /* Resources */,
			);
			buildRules = (
			);
			dependencies = (
			);
			name = Rugbysta;
			productName = Rugbysta;
			productReference = BBB301C927FB6F190024747A /* Rugbysta.app */;
			productType = "com.apple.product-type.application";
		};
/* End PBXNativeTarget section */

/* Begin PBXProject section */
		BBB301C127FB6F190024747A /* Project object */ = {
			isa = PBXProject;
			attributes = {
				BuildIndependentTargetsInParallel = 1;
				LastSwiftUpdateCheck = 1330;
				LastUpgradeCheck = 1330;
				TargetAttributes = {
					BBB301C827FB6F190024747A = {
						CreatedOnToolsVersion = 13.3;
					};
				};
			};
			buildConfigurationList = BBB301C427FB6F190024747A /* Build configuration list for PBXProject "Rugbysta" */;
			compatibilityVersion = "Xcode 13.0";
			developmentRegion = en;
			hasScannedForEncodings = 0;
			knownRegions = (
				en,
				Base,
			);
			mainGroup = BBB301C027FB6F190024747A;
			productRefGroup = BBB301CA27FB6F190024747A /* Products */;
			projectDirPath = "";
			projectRoot = "";
			targets = (
				BBB301C827FB6F190024747A /* Rugbysta */,
			);
		};
/* End PBXProject section */

/* Begin PBXResourcesBuildPhase section */
		BBB301C727FB6F190024747A /* Resources */ = {
			isa = PBXResourcesBuildPhase;
			buildActionMask = 2147483647;
			files = (
				BBB301DE27FB701B0024747A /* player.json in Resources */,
				BBB301E027FB701B0024747A /* brand.json in Resources */,
				BBB301D427FB6F1E0024747A /* Preview Assets.xcassets in Resources */,
				BBB301D127FB6F1E0024747A /* Assets.xcassets in Resources */,
				BBB301DF27FB701B0024747A /* category.json in Resources */,
				BBB301E127FB701B0024747A /* product.json in Resources */,
			);
			runOnlyForDeploymentPostprocessing = 0;
		};
/* End PBXResourcesBuildPhase section */

/* Begin PBXSourcesBuildPhase section */
		BBB301C527FB6F190024747A /* Sources */ = {
			isa = PBXSourcesBuildPhase;
			buildActionMask = 2147483647;
			files = (
				BBB301F727FB7CC60024747A /* CodableBundleExtension.swift in Sources */,
				BBB301CF27FB6F190024747A /* ContentView.swift in Sources */,
				BBB301F327FB77790024747A /* LogoView.swift in Sources */,
				BB2F967A27FC322A00EBFC99 /* Shop.swift in Sources */,
				BB2F966B27FC167E00EBFC99 /* CartButtonView.swift in Sources */,
				BBB301EF27FB72980024747A /* FooterView.swift in Sources */,
				BBB301F927FB7E560024747A /* FeaturedItemView.swift in Sources */,
				BB2F967627FC237400EBFC99 /* QuantityFavouriteDetailView.swift in Sources */,
				BB2F965F27FC0CF400EBFC99 /* ProductItemView.swift in Sources */,
				BB2F966527FC124500EBFC99 /* BrandGridView.swift in Sources */,
				BB2F967227FC1ECF00EBFC99 /* TopCornersRoundedShape.swift in Sources */,
				BB2F967827FC256600EBFC99 /* AddToCartDetailView.swift in Sources */,
				BB2F966D27FC18CF00EBFC99 /* HeaderDetailView.swift in Sources */,
				BB2F966F27FC19F100EBFC99 /* TopPartDetailView.swift in Sources */,
				BBB301CD27FB6F190024747A /* RugbystaApp.swift in Sources */,
				BB2F966727FC143A00EBFC99 /* ProductDetailView.swift in Sources */,
				BB2F966927FC159F00EBFC99 /* NavigationBarDetailView.swift in Sources */,
				BBB301ED27FB71A90024747A /* Constant.swift in Sources */,
				BB2F965727FB847700EBFC99 /* CategoryGridView.swift in Sources */,
				BB2F965327FB81B500EBFC99 /* CategoryModel.swift in Sources */,
				BBB301F127FB75F80024747A /* NavigationBarView.swift in Sources */,
				BB2F967427FC202000EBFC99 /* RatingSizesDetailView.swift in Sources */,
				BB2F965927FB972B00EBFC99 /* SectionView.swift in Sources */,
				BB2F966327FC112700EBFC99 /* BrandItemView.swift in Sources */,
				BB2F965527FB82C600EBFC99 /* CategoryItemView.swift in Sources */,
				BBB301FB27FB7ECD0024747A /* FeaturedTabView.swift in Sources */,
				BBB301F527FB7C570024747A /* PlayerModel.swift in Sources */,
				BB2F966127FC10D300EBFC99 /* BrandModel.swift in Sources */,
				BB2F965B27FC0AAF00EBFC99 /* TitleView.swift in Sources */,
				BB2F965D27FC0C1800EBFC99 /* ProductModel.swift in Sources */,
			);
			runOnlyForDeploymentPostprocessing = 0;
		};
/* End PBXSourcesBuildPhase section */

/* Begin XCBuildConfiguration section */
		BBB301D527FB6F1E0024747A /* Debug */ = {
			isa = XCBuildConfiguration;
			buildSettings = {
				ALWAYS_SEARCH_USER_PATHS = NO;
				CLANG_ANALYZER_NONNULL = YES;
				CLANG_ANALYZER_NUMBER_OBJECT_CONVERSION = YES_AGGRESSIVE;
				CLANG_CXX_LANGUAGE_STANDARD = "gnu++17";
				CLANG_ENABLE_MODULES = YES;
				CLANG_ENABLE_OBJC_ARC = YES;
				CLANG_ENABLE_OBJC_WEAK = YES;
				CLANG_WARN_BLOCK_CAPTURE_AUTORELEASING = YES;
				CLANG_WARN_BOOL_CONVERSION = YES;
				CLANG_WARN_COMMA = YES;
				CLANG_WARN_CONSTANT_CONVERSION = YES;
				CLANG_WARN_DEPRECATED_OBJC_IMPLEMENTATIONS = YES;
				CLANG_WARN_DIRECT_OBJC_ISA_USAGE = YES_ERROR;
				CLANG_WARN_DOCUMENTATION_COMMENTS = YES;
				CLANG_WARN_EMPTY_BODY = YES;
				CLANG_WARN_ENUM_CONVERSION = YES;
				CLANG_WARN_INFINITE_RECURSION = YES;
				CLANG_WARN_INT_CONVERSION = YES;
				CLANG_WARN_NON_LITERAL_NULL_CONVERSION = YES;
				CLANG_WARN_OBJC_IMPLICIT_RETAIN_SELF = YES;
				CLANG_WARN_OBJC_LITERAL_CONVERSION = YES;
				CLANG_WARN_OBJC_ROOT_CLASS = YES_ERROR;
				CLANG_WARN_QUOTED_INCLUDE_IN_FRAMEWORK_HEADER = YES;
				CLANG_WARN_RANGE_LOOP_ANALYSIS = YES;
				CLANG_WARN_STRICT_PROTOTYPES = YES;
				CLANG_WARN_SUSPICIOUS_MOVE = YES;
				CLANG_WARN_UNGUARDED_AVAILABILITY = YES_AGGRESSIVE;
				CLANG_WARN_UNREACHABLE_CODE = YES;
				CLANG_WARN__DUPLICATE_METHOD_MATCH = YES;
				COPY_PHASE_STRIP = NO;
				DEBUG_INFORMATION_FORMAT = dwarf;
				ENABLE_STRICT_OBJC_MSGSEND = YES;
				ENABLE_TESTABILITY = YES;
				GCC_C_LANGUAGE_STANDARD = gnu11;
				GCC_DYNAMIC_NO_PIC = NO;
				GCC_NO_COMMON_BLOCKS = YES;
				GCC_OPTIMIZATION_LEVEL = 0;
				GCC_PREPROCESSOR_DEFINITIONS = (
					"DEBUG=1",
					"$(inherited)",
				);
				GCC_WARN_64_TO_32_BIT_CONVERSION = YES;
				GCC_WARN_ABOUT_RETURN_TYPE = YES_ERROR;
				GCC_WARN_UNDECLARED_SELECTOR = YES;
				GCC_WARN_UNINITIALIZED_AUTOS = YES_AGGRESSIVE;
				GCC_WARN_UNUSED_FUNCTION = YES;
				GCC_WARN_UNUSED_VARIABLE = YES;
				IPHONEOS_DEPLOYMENT_TARGET = 15.4;
				MTL_ENABLE_DEBUG_INFO = INCLUDE_SOURCE;
				MTL_FAST_MATH = YES;
				ONLY_ACTIVE_ARCH = YES;
				SDKROOT = iphoneos;
				SWIFT_ACTIVE_COMPILATION_CONDITIONS = DEBUG;
				SWIFT_OPTIMIZATION_LEVEL = "-Onone";
			};
			name = Debug;
		};
		BBB301D627FB6F1E0024747A /* Release */ = {
			isa = XCBuildConfiguration;
			buildSettings = {
				ALWAYS_SEARCH_USER_PATHS = NO;
				CLANG_ANALYZER_NONNULL = YES;
				CLANG_ANALYZER_NUMBER_OBJECT_CONVERSION = YES_AGGRESSIVE;
				CLANG_CXX_LANGUAGE_STANDARD = "gnu++17";
				CLANG_ENABLE_MODULES = YES;
				CLANG_ENABLE_OBJC_ARC = YES;
				CLANG_ENABLE_OBJC_WEAK = YES;
				CLANG_WARN_BLOCK_CAPTURE_AUTORELEASING = YES;
				CLANG_WARN_BOOL_CONVERSION = YES;
				CLANG_WARN_COMMA = YES;
				CLANG_WARN_CONSTANT_CONVERSION = YES;
				CLANG_WARN_DEPRECATED_OBJC_IMPLEMENTATIONS = YES;
				CLANG_WARN_DIRECT_OBJC_ISA_USAGE = YES_ERROR;
				CLANG_WARN_DOCUMENTATION_COMMENTS = YES;
				CLANG_WARN_EMPTY_BODY = YES;
				CLANG_WARN_ENUM_CONVERSION = YES;
				CLANG_WARN_INFINITE_RECURSION = YES;
				CLANG_WARN_INT_CONVERSION = YES;
				CLANG_WARN_NON_LITERAL_NULL_CONVERSION = YES;
				CLANG_WARN_OBJC_IMPLICIT_RETAIN_SELF = YES;
				CLANG_WARN_OBJC_LITERAL_CONVERSION = YES;
				CLANG_WARN_OBJC_ROOT_CLASS = YES_ERROR;
				CLANG_WARN_QUOTED_INCLUDE_IN_FRAMEWORK_HEADER = YES;
				CLANG_WARN_RANGE_LOOP_ANALYSIS = YES;
				CLANG_WARN_STRICT_PROTOTYPES = YES;
				CLANG_WARN_SUSPICIOUS_MOVE = YES;
				CLANG_WARN_UNGUARDED_AVAILABILITY = YES_AGGRESSIVE;
				CLANG_WARN_UNREACHABLE_CODE = YES;
				CLANG_WARN__DUPLICATE_METHOD_MATCH = YES;
				COPY_PHASE_STRIP = NO;
				DEBUG_INFORMATION_FORMAT = "dwarf-with-dsym";
				ENABLE_NS_ASSERTIONS = NO;
				ENABLE_STRICT_OBJC_MSGSEND = YES;
				GCC_C_LANGUAGE_STANDARD = gnu11;
				GCC_NO_COMMON_BLOCKS = YES;
				GCC_WARN_64_TO_32_BIT_CONVERSION = YES;
				GCC_WARN_ABOUT_RETURN_TYPE = YES_ERROR;
				GCC_WARN_UNDECLARED_SELECTOR = YES;
				GCC_WARN_UNINITIALIZED_AUTOS = YES_AGGRESSIVE;
				GCC_WARN_UNUSED_FUNCTION = YES;
				GCC_WARN_UNUSED_VARIABLE = YES;
				IPHONEOS_DEPLOYMENT_TARGET = 15.4;
				MTL_ENABLE_DEBUG_INFO = NO;
				MTL_FAST_MATH = YES;
				SDKROOT = iphoneos;
				SWIFT_COMPILATION_MODE = wholemodule;
				SWIFT_OPTIMIZATION_LEVEL = "-O";
				VALIDATE_PRODUCT = YES;
			};
			name = Release;
		};
		BBB301D827FB6F1E0024747A /* Debug */ = {
			isa = XCBuildConfiguration;
			buildSettings = {
				ASSETCATALOG_COMPILER_APPICON_NAME = AppIcon;
				ASSETCATALOG_COMPILER_GLOBAL_ACCENT_COLOR_NAME = AccentColor;
				CODE_SIGN_STYLE = Automatic;
				CURRENT_PROJECT_VERSION = 1;
				DEVELOPMENT_ASSET_PATHS = "\"Rugbysta/Preview Content\"";
				DEVELOPMENT_TEAM = 5X5ZG6YAYR;
				ENABLE_PREVIEWS = YES;
				GENERATE_INFOPLIST_FILE = YES;
				INFOPLIST_FILE = Rugbysta/Info.plist;
				INFOPLIST_KEY_UIApplicationSceneManifest_Generation = YES;
				INFOPLIST_KEY_UIApplicationSupportsIndirectInputEvents = YES;
				INFOPLIST_KEY_UISupportedInterfaceOrientations = UIInterfaceOrientationPortrait;
				INFOPLIST_KEY_UISupportedInterfaceOrientations_iPad = "UIInterfaceOrientationPortrait UIInterfaceOrientationPortraitUpsideDown UIInterfaceOrientationLandscapeLeft UIInterfaceOrientationLandscapeRight";
				INFOPLIST_KEY_UISupportedInterfaceOrientations_iPhone = "UIInterfaceOrientationPortrait UIInterfaceOrientationLandscapeLeft UIInterfaceOrientationLandscapeRight";
				INFOPLIST_KEY_UIUserInterfaceStyle = Light;
				LD_RUNPATH_SEARCH_PATHS = (
					"$(inherited)",
					"@executable_path/Frameworks",
				);
				MARKETING_VERSION = 1.0;
				PRODUCT_BUNDLE_IDENTIFIER = me.ameerhamza.Rugbysta;
				PRODUCT_NAME = "$(TARGET_NAME)";
				SWIFT_EMIT_LOC_STRINGS = YES;
				SWIFT_VERSION = 5.0;
				TARGETED_DEVICE_FAMILY = "1,2";
			};
			name = Debug;
		};
		BBB301D927FB6F1E0024747A /* Release */ = {
			isa = XCBuildConfiguration;
			buildSettings = {
				ASSETCATALOG_COMPILER_APPICON_NAME = AppIcon;
				ASSETCATALOG_COMPILER_GLOBAL_ACCENT_COLOR_NAME = AccentColor;
				CODE_SIGN_STYLE = Automatic;
				CURRENT_PROJECT_VERSION = 1;
				DEVELOPMENT_ASSET_PATHS = "\"Rugbysta/Preview Content\"";
				DEVELOPMENT_TEAM = 5X5ZG6YAYR;
				ENABLE_PREVIEWS = YES;
				GENERATE_INFOPLIST_FILE = YES;
				INFOPLIST_FILE = Rugbysta/Info.plist;
				INFOPLIST_KEY_UIApplicationSceneManifest_Generation = YES;
				INFOPLIST_KEY_UIApplicationSupportsIndirectInputEvents = YES;
				INFOPLIST_KEY_UISupportedInterfaceOrientations = UIInterfaceOrientationPortrait;
				INFOPLIST_KEY_UISupportedInterfaceOrientations_iPad = "UIInterfaceOrientationPortrait UIInterfaceOrientationPortraitUpsideDown UIInterfaceOrientationLandscapeLeft UIInterfaceOrientationLandscapeRight";
				INFOPLIST_KEY_UISupportedInterfaceOrientations_iPhone = "UIInterfaceOrientationPortrait UIInterfaceOrientationLandscapeLeft UIInterfaceOrientationLandscapeRight";
				INFOPLIST_KEY_UIUserInterfaceStyle = Light;
				LD_RUNPATH_SEARCH_PATHS = (
					"$(inherited)",
					"@executable_path/Frameworks",
				);
				MARKETING_VERSION = 1.0;
				PRODUCT_BUNDLE_IDENTIFIER = me.ameerhamza.Rugbysta;
				PRODUCT_NAME = "$(TARGET_NAME)";
				SWIFT_EMIT_LOC_STRINGS = YES;
				SWIFT_VERSION = 5.0;
				TARGETED_DEVICE_FAMILY = "1,2";
			};
			name = Release;
		};
/* End XCBuildConfiguration section */

/* Begin XCConfigurationList section */
		BBB301C427FB6F190024747A /* Build configuration list for PBXProject "Rugbysta" */ = {
			isa = XCConfigurationList;
			buildConfigurations = (
				BBB301D527FB6F1E0024747A /* Debug */,
				BBB301D627FB6F1E0024747A /* Release */,
			);
			defaultConfigurationIsVisible = 0;
			defaultConfigurationName = Release;
		};
		BBB301D727FB6F1E0024747A /* Build configuration list for PBXNativeTarget "Rugbysta" */ = {
			isa = XCConfigurationList;
			buildConfigurations = (
				BBB301D827FB6F1E0024747A /* Debug */,
				BBB301D927FB6F1E0024747A /* Release */,
			);
			defaultConfigurationIsVisible = 0;
			defaultConfigurationName = Release;
		};
/* End XCConfigurationList section */
	};
	rootObject = BBB301C127FB6F190024747A /* Project object */;
}
